{
  "lockfileVersion": 1,
  "configVersion": 0,
  "workspaces": {
    "": {
      "dependencies": {
        "@opencode-ai/plugin": "1.3.5",
      },
    },
  },
  "packages": {
    "@opencode-ai/plugin": ["@opencode-ai/plugin@1.3.5", "", { "dependencies": { "@opencode-ai/sdk": "1.3.5", "zod": "4.1.8" }, "peerDependencies": { "@opentui/core": ">=0.1.92", "@opentui/solid": ">=0.1.92" }, "optionalPeers": ["@opentui/core", "@opentui/solid"] }, "sha512-hsFrE6mm+/BMZyYF/+VJPueMDW+UKzGV2zv10TlNchBnO/Wf5WwZLB7lFDqtJmVHsZakPbFGEFCE5+GThPJfWw=="],

    "@opencode-ai/sdk": ["@opencode-ai/sdk@1.3.5", "", {}, "sha512-ckKedqONnigSejAm/UVlBuQP0U1Ozn9uC54zLxz/EqQZPWE8y7V+8PT048zC7q6gqI+puj2jns65/+enJSkTEQ=="],

    "zod": ["zod@4.1.8", "", {}, "sha512-5R1P+WwQqmmMIEACyzSvo4JXHY5WiAFHRMg+zBZKgKS+Q1viRa0C1hmUKtHltoIFKtIdki3pRxkmpP74jnNYHQ=="],
  }
}
