{
  "lockfileVersion": 1,
  "configVersion": 1,
  "workspaces": {
    "": {
      "name": "fish-libexec-helpers",
      "dependencies": {
        "@inquirer/core": "^10.3.1",
        "es-toolkit": "^1.46.0",
        "neverthrow": "^8.2.0",
        "ts-pattern": "^5.9.0",
        "zod": "^4.3.6",
      },
      "devDependencies": {
        "@types/node": "^24.7.2",
        "fallow": "^3.3.0",
      },
    },
  },
  "packages": {
    "@fallow-cli/darwin-arm64": ["@fallow-cli/darwin-arm64@3.3.0", "", { "os": "darwin", "cpu": "arm64" }, "sha512-QAABM8MzV9P5JCJZHnenxTosqjuWur+w+owlS3cIrG4LqHRPSW1/4C2wJ5z1Q7vKIe4f+O2TuW2yOLwExFrDyQ=="],

    "@fallow-cli/darwin-x64": ["@fallow-cli/darwin-x64@3.3.0", "", { "os": "darwin", "cpu": "x64" }, "sha512-jc5k6nWfDwF8DW0+3m8BNWAFu7l0K6sIkDtPN/IlYvw3iNgBhYyAJlzsugTppuBNvbL2QisqOaa0h4lehdJmJA=="],

    "@fallow-cli/linux-arm64-gnu": ["@fallow-cli/linux-arm64-gnu@3.3.0", "", { "os": "linux", "cpu": "arm64" }, "sha512-AhOo9+L20GOeljbzK5kgrjv/BXP7esvR2jEpcg2p1PgkbY2NB23jFfEEJGdWsL0kf4V6Gyq3adtTieLSDFJ3YQ=="],

    "@fallow-cli/linux-arm64-musl": ["@fallow-cli/linux-arm64-musl@3.3.0", "", { "os": "linux", "cpu": "arm64" }, "sha512-bG/6fD1jMf7x0XOkDyKSSGB3RYCIbZIXjpCyrmFm7icAMJBpZbD6v+JsEjnHezsBox83AduT9GKL6jDEhUlpOQ=="],

    "@fallow-cli/linux-x64-gnu": ["@fallow-cli/linux-x64-gnu@3.3.0", "", { "os": "linux", "cpu": "x64" }, "sha512-N29jZebN880Vgl2MGFlykiBM+jdy95sEJNwBVIjp4HnvWDvr5IavDsPI6bW4eTy8ccij4OJ12IRUlouBtR4cZQ=="],

    "@fallow-cli/linux-x64-musl": ["@fallow-cli/linux-x64-musl@3.3.0", "", { "os": "linux", "cpu": "x64" }, "sha512-4I9X01ZpBTSPBZFpI5V1fogu6AGKyF4FsmA5bStop3jnes9kmJlxjSCCCaaO9gLUGZ6Lfh8/j7vu2AN1uNPY8A=="],

    "@fallow-cli/win32-arm64-msvc": ["@fallow-cli/win32-arm64-msvc@3.3.0", "", { "os": "win32", "cpu": "arm64" }, "sha512-ATaWkzs9+jO+AZYDv5LhTnIuv4qzLjI5l7gGWNWrp7frPWe737w7IgDXnxeQNmmNds5NygKYYMUxS6VoLANUnw=="],

    "@fallow-cli/win32-x64-msvc": ["@fallow-cli/win32-x64-msvc@3.3.0", "", { "os": "win32", "cpu": "x64" }, "sha512-u1SVmKFJeSZyfIKjX85sZ7C+GQe/0TcXSaanD5cdFM9GVmEXrHa4cGFjtQVh7u6Up34iSmYXCNJi0DdUkIvhJA=="],

    "@inquirer/ansi": ["@inquirer/ansi@1.0.2", "", {}, "sha512-S8qNSZiYzFd0wAcyG5AXCvUHC5Sr7xpZ9wZ2py9XR88jUz8wooStVx5M6dRzczbBWjic9NP7+rY0Xi7qqK/aMQ=="],

    "@inquirer/core": ["@inquirer/core@10.3.2", "", { "dependencies": { "@inquirer/ansi": "^1.0.2", "@inquirer/figures": "^1.0.15", "@inquirer/type": "^3.0.10", "cli-width": "^4.1.0", "mute-stream": "^2.0.0", "signal-exit": "^4.1.0", "wrap-ansi": "^6.2.0", "yoctocolors-cjs": "^2.1.3" }, "peerDependencies": { "@types/node": ">=18" }, "optionalPeers": ["@types/node"] }, "sha512-43RTuEbfP8MbKzedNqBrlhhNKVwoK//vUFNW3Q3vZ88BLcrs4kYpGg+B2mm5p2K/HfygoCxuKwJJiv8PbGmE0A=="],

    "@inquirer/figures": ["@inquirer/figures@1.0.15", "", {}, "sha512-t2IEY+unGHOzAaVM5Xx6DEWKeXlDDcNPeDyUpsRc6CUhBfU3VQOEl+Vssh7VNp1dR8MdUJBWhuObjXCsVpjN5g=="],

    "@inquirer/type": ["@inquirer/type@3.0.10", "", { "peerDependencies": { "@types/node": ">=18" }, "optionalPeers": ["@types/node"] }, "sha512-BvziSRxfz5Ov8ch0z/n3oijRSEcEsHnhggm4xFZe93DHcUCTlutlq9Ox4SVENAfcRD22UQq7T/atg9Wr3k09eA=="],

    "@rollup/rollup-linux-x64-gnu": ["@rollup/rollup-linux-x64-gnu@4.60.2", "", { "os": "linux", "cpu": "x64" }, "sha512-UQjrkIdWrKI626Du8lCQ6MJp/6V1LAo2bOK9OTu4mSn8GGXIkPXk/Vsp4bLHCd9Z9Iz2OTEaokUE90VweJgIYQ=="],

    "@types/node": ["@types/node@24.12.2", "", { "dependencies": { "undici-types": "~7.16.0" } }, "sha512-A1sre26ke7HDIuY/M23nd9gfB+nrmhtYyMINbjI1zHJxYteKR6qSMX56FsmjMcDb3SMcjJg5BiRRgOCC/yBD0g=="],

    "ansi-regex": ["ansi-regex@5.0.1", "", {}, "sha512-quJQXlTSUGL2LH9SUXo8VwsY4soanhgo6LNSm84E1LBcE8s3O0wpdiRzyR9z/ZZJMlMWv37qOOb9pdJlMUEKFQ=="],

    "ansi-styles": ["ansi-styles@4.3.0", "", { "dependencies": { "color-convert": "^2.0.1" } }, "sha512-zbB9rCJAT1rbjiVDb2hqKFHNYLxgtk8NURxZ3IZwD3F6NtxbXZQCnnSi1Lkx+IDohdPlFp222wVALIheZJQSEg=="],

    "cli-width": ["cli-width@4.1.0", "", {}, "sha512-ouuZd4/dm2Sw5Gmqy6bGyNNNe1qt9RpmxveLSO7KcgsTnU7RXfsw+/bukWGo1abgBiMAic068rclZsO4IWmmxQ=="],

    "color-convert": ["color-convert@2.0.1", "", { "dependencies": { "color-name": "~1.1.4" } }, "sha512-RRECPsj7iu/xb5oKYcsFHSppFNnsj/52OVTRKb4zP5onXwVF3zVmmToNcOfGC+CRDpfK/U584fMg38ZHCaElKQ=="],

    "color-name": ["color-name@1.1.4", "", {}, "sha512-dOy+3AuW3a2wNbZHIuMZpTcgjGuLU/uBL/ubcZF9OXbDo8ff4O8yVp5Bf0efS8uEoYo5q4Fx7dY9OgQGXgAsQA=="],

    "detect-libc": ["detect-libc@2.1.2", "", {}, "sha512-Btj2BOOO83o3WyH59e8MgXsxEQVcarkUOpEYrubB0urwnN10yQ364rsiByU11nZlqWYZm05i/of7io4mzihBtQ=="],

    "emoji-regex": ["emoji-regex@8.0.0", "", {}, "sha512-MSjYzcWNOA0ewAHpz0MxpYFvwg6yjy1NG3xteoqz644VCo/RPgnr1/GGt+ic3iJTzQ8Eu3TdM14SawnVUmGE6A=="],

    "es-toolkit": ["es-toolkit@1.46.0", "", {}, "sha512-IToJ6ct9OLl5zz6WsC/1vZEwfSZ7Myil+ygl5Tf30Xjn9AEkzNB4kqp2G7VUJKF1DtTx/ra5M5KLlXvzOg51BA=="],

    "fallow": ["fallow@3.3.0", "", { "dependencies": { "detect-libc": "2.1.2" }, "optionalDependencies": { "@fallow-cli/darwin-arm64": "3.3.0", "@fallow-cli/darwin-x64": "3.3.0", "@fallow-cli/linux-arm64-gnu": "3.3.0", "@fallow-cli/linux-arm64-musl": "3.3.0", "@fallow-cli/linux-x64-gnu": "3.3.0", "@fallow-cli/linux-x64-musl": "3.3.0", "@fallow-cli/win32-arm64-msvc": "3.3.0", "@fallow-cli/win32-x64-msvc": "3.3.0" }, "bin": { "fallow": "bin/fallow", "fallow-lsp": "bin/fallow-lsp", "fallow-mcp": "bin/fallow-mcp" } }, "sha512-R26TBsoJaZw3hUN1FD8HlLfU4peTwxgED7aMh5ho7H4U/LqgZsxCQmchljCQp9J8kpvI1EtUINvOSp6woXtvRw=="],

    "is-fullwidth-code-point": ["is-fullwidth-code-point@3.0.0", "", {}, "sha512-zymm5+u+sCsSWyD9qNaejV3DFvhCKclKdizYaJUuHA83RLjb7nSuGnddCHGv0hk+KY7BMAlsWeK4Ueg6EV6XQg=="],

    "mute-stream": ["mute-stream@2.0.0", "", {}, "sha512-WWdIxpyjEn+FhQJQQv9aQAYlHoNVdzIzUySNV1gHUPDSdZJ3yZn7pAAbQcV7B56Mvu881q9FZV+0Vx2xC44VWA=="],

    "neverthrow": ["neverthrow@8.2.0", "", { "optionalDependencies": { "@rollup/rollup-linux-x64-gnu": "^4.24.0" } }, "sha512-kOCT/1MCPAxY5iUV3wytNFUMUolzuwd/VF/1KCx7kf6CutrOsTie+84zTGTpgQycjvfLdBBdvBvFLqFD2c0wkQ=="],

    "signal-exit": ["signal-exit@4.1.0", "", {}, "sha512-bzyZ1e88w9O1iNJbKnOlvYTrWPDl46O1bG0D3XInv+9tkPrxrN8jUUTiFlDkkmKWgn1M6CfIA13SuGqOa9Korw=="],

    "string-width": ["string-width@4.2.3", "", { "dependencies": { "emoji-regex": "^8.0.0", "is-fullwidth-code-point": "^3.0.0", "strip-ansi": "^6.0.1" } }, "sha512-wKyQRQpjJ0sIp62ErSZdGsjMJWsap5oRNihHhu6G7JVO/9jIB6UyevL+tXuOqrng8j/cxKTWyWUwvSTriiZz/g=="],

    "strip-ansi": ["strip-ansi@6.0.1", "", { "dependencies": { "ansi-regex": "^5.0.1" } }, "sha512-Y38VPSHcqkFrCpFnQ9vuSXmquuv5oXOKpGeT6aGrr3o3Gc9AlVa6JBfUSOCnbxGGZF+/0ooI7KrPuUSztUdU5A=="],

    "ts-pattern": ["ts-pattern@5.9.0", "", {}, "sha512-6s5V71mX8qBUmlgbrfL33xDUwO0fq48rxAu2LBE11WBeGdpCPOsXksQbZJHvHwhrd3QjUusd3mAOM5Gg0mFBLg=="],

    "undici-types": ["undici-types@7.16.0", "", {}, "sha512-Zz+aZWSj8LE6zoxD+xrjh4VfkIG8Ya6LvYkZqtUQGJPZjYl53ypCaUwWqo7eI0x66KBGeRo+mlBEkMSeSZ38Nw=="],

    "wrap-ansi": ["wrap-ansi@6.2.0", "", { "dependencies": { "ansi-styles": "^4.0.0", "string-width": "^4.1.0", "strip-ansi": "^6.0.0" } }, "sha512-r6lPcBGxZXlIcymEu7InxDMhdW0KDxpLgoFLcguasxCaJ/SOIZwINatK9KY/tf+ZrlywOKU0UDj3ATXUBfxJXA=="],

    "yoctocolors-cjs": ["yoctocolors-cjs@2.1.3", "", {}, "sha512-U/PBtDf35ff0D8X8D0jfdzHYEPFxAI7jJlxZXwCSez5M3190m+QobIfh+sWDWSHMCWWJN2AWamkegn6vr6YBTw=="],

    "zod": ["zod@4.3.6", "", {}, "sha512-rftlrkhHZOcjDwkGlnUtZZkvaPHCsDATp4pGpuOOMDaTdDDXF91wuVDJoWoPsKX/3YPQ5fHuF3STjcYyKr+Qhg=="],
  }
}
