{
  "lockfileVersion": 1,
  "configVersion": 1,
  "workspaces": {
    "": {
      "name": "opencode-libexec-helpers",
      "dependencies": {
        "c12": "^4.0.0-beta.4",
        "es-toolkit": "^1.46.0",
        "neverthrow": "^8.2.0",
        "p-limit": "^7.3.0",
        "ts-pattern": "^5.9.0",
        "zod": "^4.3.6",
      },
      "devDependencies": {
        "@types/node": "^24.7.2",
      },
    },
  },
  "packages": {
    "@rollup/rollup-linux-x64-gnu": ["@rollup/rollup-linux-x64-gnu@4.60.2", "", { "os": "linux", "cpu": "x64" }, "sha512-UQjrkIdWrKI626Du8lCQ6MJp/6V1LAo2bOK9OTu4mSn8GGXIkPXk/Vsp4bLHCd9Z9Iz2OTEaokUE90VweJgIYQ=="],

    "@types/node": ["@types/node@24.12.2", "", { "dependencies": { "undici-types": "~7.16.0" } }, "sha512-A1sre26ke7HDIuY/M23nd9gfB+nrmhtYyMINbjI1zHJxYteKR6qSMX56FsmjMcDb3SMcjJg5BiRRgOCC/yBD0g=="],

    "c12": ["c12@4.0.0-beta.4", "", { "dependencies": { "confbox": "^0.2.4", "defu": "^6.1.4", "exsolve": "^1.0.8", "pathe": "^2.0.3", "pkg-types": "^2.3.0", "rc9": "^3.0.0" }, "peerDependencies": { "chokidar": "^5", "dotenv": "*", "giget": "*", "jiti": "*", "magicast": "*" }, "optionalPeers": ["chokidar", "dotenv", "giget", "jiti", "magicast"] }, "sha512-gcWQAloC/SwGx4U7l3iQdalUQQLLXwYS1d3SqIwFj4UUrTXh8L9yGkBcA00B0gxELMwbxtsrt6VrAxtSgqZZoA=="],

    "confbox": ["confbox@0.2.4", "", {}, "sha512-ysOGlgTFbN2/Y6Cg3Iye8YKulHw+R2fNXHrgSmXISQdMnomY6eNDprVdW9R5xBguEqI954+S6709UyiO7B+6OQ=="],

    "defu": ["defu@6.1.7", "", {}, "sha512-7z22QmUWiQ/2d0KkdYmANbRUVABpZ9SNYyH5vx6PZ+nE5bcC0l7uFvEfHlyld/HcGBFTL536ClDt3DEcSlEJAQ=="],

    "destr": ["destr@2.0.5", "", {}, "sha512-ugFTXCtDZunbzasqBxrK93Ik/DRYsO6S/fedkWEMKqt04xZ4csmnmwGDBAb07QWNaGMAmnTIemsYZCksjATwsA=="],

    "es-toolkit": ["es-toolkit@1.46.0", "", {}, "sha512-IToJ6ct9OLl5zz6WsC/1vZEwfSZ7Myil+ygl5Tf30Xjn9AEkzNB4kqp2G7VUJKF1DtTx/ra5M5KLlXvzOg51BA=="],

    "exsolve": ["exsolve@1.0.8", "", {}, "sha512-LmDxfWXwcTArk8fUEnOfSZpHOJ6zOMUJKOtFLFqJLoKJetuQG874Uc7/Kki7zFLzYybmZhp1M7+98pfMqeX8yA=="],

    "neverthrow": ["neverthrow@8.2.0", "", { "optionalDependencies": { "@rollup/rollup-linux-x64-gnu": "^4.24.0" } }, "sha512-kOCT/1MCPAxY5iUV3wytNFUMUolzuwd/VF/1KCx7kf6CutrOsTie+84zTGTpgQycjvfLdBBdvBvFLqFD2c0wkQ=="],

    "p-limit": ["p-limit@7.3.0", "", { "dependencies": { "yocto-queue": "^1.2.1" } }, "sha512-7cIXg/Z0M5WZRblrsOla88S4wAK+zOQQWeBYfV3qJuJXMr+LnbYjaadrFaS0JILfEDPVqHyKnZ1Z/1d6J9VVUw=="],

    "pathe": ["pathe@2.0.3", "", {}, "sha512-WUjGcAqP1gQacoQe+OBJsFA7Ld4DyXuUIjZ5cc75cLHvJ7dtNsTugphxIADwspS+AraAUePCKrSVtPLFj/F88w=="],

    "pkg-types": ["pkg-types@2.3.0", "", { "dependencies": { "confbox": "^0.2.2", "exsolve": "^1.0.7", "pathe": "^2.0.3" } }, "sha512-SIqCzDRg0s9npO5XQ3tNZioRY1uK06lA41ynBC1YmFTmnY6FjUjVt6s4LoADmwoig1qqD0oK8h1p/8mlMx8Oig=="],

    "rc9": ["rc9@3.0.1", "", { "dependencies": { "defu": "^6.1.6", "destr": "^2.0.5" } }, "sha512-gMDyleLWVE+i6Sgtc0QbbY6pEKqYs97NGi6isHQPqYlLemPoO8dxQ3uGi0f4NiP98c+jMW6cG1Kx9dDwfvqARQ=="],

    "ts-pattern": ["ts-pattern@5.9.0", "", {}, "sha512-6s5V71mX8qBUmlgbrfL33xDUwO0fq48rxAu2LBE11WBeGdpCPOsXksQbZJHvHwhrd3QjUusd3mAOM5Gg0mFBLg=="],

    "undici-types": ["undici-types@7.16.0", "", {}, "sha512-Zz+aZWSj8LE6zoxD+xrjh4VfkIG8Ya6LvYkZqtUQGJPZjYl53ypCaUwWqo7eI0x66KBGeRo+mlBEkMSeSZ38Nw=="],

    "yocto-queue": ["yocto-queue@1.2.2", "", {}, "sha512-4LCcse/U2MHZ63HAJVE+v71o7yOdIe4cZ70Wpf8D/IyjDKYQLV5GD46B+hSTjJsvV5PztjvHoU580EftxjDZFQ=="],

    "zod": ["zod@4.3.6", "", {}, "sha512-rftlrkhHZOcjDwkGlnUtZZkvaPHCsDATp4pGpuOOMDaTdDDXF91wuVDJoWoPsKX/3YPQ5fHuF3STjcYyKr+Qhg=="],
  }
}
